{
    "_readme": [
        "This file locks the dependencies of your project to a known state",
        "Read more about it at http://getcomposer.org/doc/01-basic-usage.md#composer-lock-the-lock-file"
    ],
    "hash": "972cb8dde531346ab79a928d2be805fe",
    "packages": [
        {
            "name": "league/di",
            "version": "dev-develop",
            "source": {
                "type": "git",
                "url": "https://github.com/php-loep/di.git",
                "reference": "b4a6217eb73cd30b9086ca4e019567186cd0291b"
            },
            "dist": {
                "type": "zip",
                "url": "https://api.github.com/repos/php-loep/di/zipball/b4a6217eb73cd30b9086ca4e019567186cd0291b",
                "reference": "b4a6217eb73cd30b9086ca4e019567186cd0291b",
                "shasum": ""
            },
            "require": {
                "php": ">=5.3.0"
            },
            "require-dev": {
                "league/phpunit-coverage-listener": "~1.0"
            },
            "type": "library",
            "autoload": {
                "psr-0": {
                    "League\\Di\\": [
                        "src/",
                        "test/"
                    ]
                }
            },
            "notification-url": "https://packagist.org/downloads/",
            "license": [
                "MIT"
            ],
            "authors": [
                {
                    "name": "Don Gilbert",
                    "email": "don@dongilbert.net",
                    "homepage": "http://dongilbert.net",
                    "role": "Developer"
                }
            ],
            "description": "Fast Dependency Injection Container for PHP 5.3+",
            "homepage": "https://github.com/php-loep/di",
            "keywords": [
                "dependency injection",
                "dic",
                "ioc"
            ],
            "time": "2013-08-04 22:56:49"
        }
    ],
    "packages-dev": [

    ],
    "aliases": [

    ],
    "minimum-stability": "stable",
    "stability-flags": {
        "league/di": 20
    },
    "platform": [

    ],
    "platform-dev": [

    ]
}
